
Microsoft Visual Studio Solution File, Format Version 12.00
# Visual Studio Version 16
VisualStudioVersion = 16.0.31911.196
MinimumVisualStudioVersion = 10.0.40219.1
Project("{2150E333-8FDC-42A3-9474-1A3956D46DE8}") = "Services", "Services", "{CE7BFEA5-B6B1-41B0-82A0-00D712118567}"
EndProject
Project("{2150E333-8FDC-42A3-9474-1A3956D46DE8}") = "Catalog", "Catalog", "{B36454F2-8E25-44F6-AA1E-4A4D35FCFA50}"
EndProject
Project("{9A19103F-16F7-4668-BE54-9A1E7A4F7556}") = "Catalog.API", "Services\Catalog\Catalog.API\Catalog.API.csproj", "{9DBCBED6-E065-4440-BBEC-4D29373C88B3}"
EndProject
Project("{E53339B2-1760-4266-BCC7-CA923CBCF16C}") = "docker-compose", "docker-compose.dcproj", "{09C5A49B-4180-4B17-961E-933DD6E4AF64}"
EndProject
Project("{2150E333-8FDC-42A3-9474-1A3956D46DE8}") = "Basket", "Basket", "{09F247C5-C054-4F59-B922-E054FBE149FC}"
EndProject
Project("{9A19103F-16F7-4668-BE54-9A1E7A4F7556}") = "Basket.API", "Services\Basket\Basket.API\Basket.API.csproj", "{FE8ACE7E-57FD-4960-A852-17FCC3B257E2}"
EndProject
Project("{2150E333-8FDC-42A3-9474-1A3956D46DE8}") = "Discount", "Discount", "{88BC7D13-6B2B-4556-9913-E0673EDA6641}"
EndProject
Project("{9A19103F-16F7-4668-BE54-9A1E7A4F7556}") = "Discount.API", "Services\Discount\Discount.API\Discount.API.csproj", "{1C2C7D81-1EAE-4904-A588-F141CD8C3DDE}"
EndProject
Project("{9A19103F-16F7-4668-BE54-9A1E7A4F7556}") = "Discount.Grpc", "Services\Discount\Discount.Grpc\Discount.Grpc.csproj", "{4862AC71-2779-4DDE-A596-6DE141DDF994}"
EndProject
Global
	GlobalSection(SolutionConfigurationPlatforms) = preSolution
		Debug|Any CPU = Debug|Any CPU
		Release|Any CPU = Release|Any CPU
	EndGlobalSection
	GlobalSection(ProjectConfigurationPlatforms) = postSolution
		{9DBCBED6-E065-4440-BBEC-4D29373C88B3}.Debug|Any CPU.ActiveCfg = Debug|Any CPU
		{9DBCBED6-E065-4440-BBEC-4D29373C88B3}.Debug|Any CPU.Build.0 = Debug|Any CPU
		{9DBCBED6-E065-4440-BBEC-4D29373C88B3}.Release|Any CPU.ActiveCfg = Release|Any CPU
		{9DBCBED6-E065-4440-BBEC-4D29373C88B3}.Release|Any CPU.Build.0 = Release|Any CPU
		{09C5A49B-4180-4B17-961E-933DD6E4AF64}.Debug|Any CPU.ActiveCfg = Debug|Any CPU
		{09C5A49B-4180-4B17-961E-933DD6E4AF64}.Debug|Any CPU.Build.0 = Debug|Any CPU
		{09C5A49B-4180-4B17-961E-933DD6E4AF64}.Release|Any CPU.ActiveCfg = Release|Any CPU
		{09C5A49B-4180-4B17-961E-933DD6E4AF64}.Release|Any CPU.Build.0 = Release|Any CPU
		{FE8ACE7E-57FD-4960-A852-17FCC3B257E2}.Debug|Any CPU.ActiveCfg = Debug|Any CPU
		{FE8ACE7E-57FD-4960-A852-17FCC3B257E2}.Debug|Any CPU.Build.0 = Debug|Any CPU
		{FE8ACE7E-57FD-4960-A852-17FCC3B257E2}.Release|Any CPU.ActiveCfg = Release|Any CPU
		{FE8ACE7E-57FD-4960-A852-17FCC3B257E2}.Release|Any CPU.Build.0 = Release|Any CPU
		{1C2C7D81-1EAE-4904-A588-F141CD8C3DDE}.Debug|Any CPU.ActiveCfg = Debug|Any CPU
		{1C2C7D81-1EAE-4904-A588-F141CD8C3DDE}.Debug|Any CPU.Build.0 = Debug|Any CPU
		{1C2C7D81-1EAE-4904-A588-F141CD8C3DDE}.Release|Any CPU.ActiveCfg = Release|Any CPU
		{1C2C7D81-1EAE-4904-A588-F141CD8C3DDE}.Release|Any CPU.Build.0 = Release|Any CPU
		{4862AC71-2779-4DDE-A596-6DE141DDF994}.Debug|Any CPU.ActiveCfg = Debug|Any CPU
		{4862AC71-2779-4DDE-A596-6DE141DDF994}.Debug|Any CPU.Build.0 = Debug|Any CPU
		{4862AC71-2779-4DDE-A596-6DE141DDF994}.Release|Any CPU.ActiveCfg = Release|Any CPU
		{4862AC71-2779-4DDE-A596-6DE141DDF994}.Release|Any CPU.Build.0 = Release|Any CPU
	EndGlobalSection
	GlobalSection(SolutionProperties) = preSolution
		HideSolutionNode = FALSE
	EndGlobalSection
	GlobalSection(NestedProjects) = preSolution
		{B36454F2-8E25-44F6-AA1E-4A4D35FCFA50} = {CE7BFEA5-B6B1-41B0-82A0-00D712118567}
		{9DBCBED6-E065-4440-BBEC-4D29373C88B3} = {B36454F2-8E25-44F6-AA1E-4A4D35FCFA50}
		{09F247C5-C054-4F59-B922-E054FBE149FC} = {CE7BFEA5-B6B1-41B0-82A0-00D712118567}
		{FE8ACE7E-57FD-4960-A852-17FCC3B257E2} = {09F247C5-C054-4F59-B922-E054FBE149FC}
		{88BC7D13-6B2B-4556-9913-E0673EDA6641} = {CE7BFEA5-B6B1-41B0-82A0-00D712118567}
		{1C2C7D81-1EAE-4904-A588-F141CD8C3DDE} = {88BC7D13-6B2B-4556-9913-E0673EDA6641}
		{4862AC71-2779-4DDE-A596-6DE141DDF994} = {88BC7D13-6B2B-4556-9913-E0673EDA6641}
	EndGlobalSection
	GlobalSection(ExtensibilityGlobals) = postSolution
		SolutionGuid = {5FBBFAAB-3126-4061-92F2-8A1F7BADF4DD}
	EndGlobalSection
EndGlobal
