
Microsoft Visual Studio Solution File, Format Version 12.00
# Visual Studio Version 16
VisualStudioVersion = 16.0.31911.196
MinimumVisualStudioVersion = 10.0.40219.1
Project("{2150E333-8FDC-42A3-9474-1A3956D46DE8}") = "Services", "Services", "{CE7BFEA5-B6B1-41B0-82A0-00D712118567}"
EndProject
Project("{2150E333-8FDC-42A3-9474-1A3956D46DE8}") = "Catalog", "Catalog", "{B36454F2-8E25-44F6-AA1E-4A4D35FCFA50}"
EndProject
Project("{FAE04EC0-301F-11D3-BF4B-00C04F79EFBC}") = "Catalog.API", "Services\Catalog\Catalog.API\Catalog.API.csproj", "{9DBCBED6-E065-4440-BBEC-4D29373C88B3}"
EndProject
Global
	GlobalSection(SolutionConfigurationPlatforms) = preSolution
		Debug|Any CPU = Debug|Any CPU
		Release|Any CPU = Release|Any CPU
	EndGlobalSection
	GlobalSection(ProjectConfigurationPlatforms) = postSolution
		{9DBCBED6-E065-4440-BBEC-4D29373C88B3}.Debug|Any CPU.ActiveCfg = Debug|Any CPU
		{9DBCBED6-E065-4440-BBEC-4D29373C88B3}.Debug|Any CPU.Build.0 = Debug|Any CPU
		{9DBCBED6-E065-4440-BBEC-4D29373C88B3}.Release|Any CPU.ActiveCfg = Release|Any CPU
		{9DBCBED6-E065-4440-BBEC-4D29373C88B3}.Release|Any CPU.Build.0 = Release|Any CPU
	EndGlobalSection
	GlobalSection(SolutionProperties) = preSolution
		HideSolutionNode = FALSE
	EndGlobalSection
	GlobalSection(NestedProjects) = preSolution
		{B36454F2-8E25-44F6-AA1E-4A4D35FCFA50} = {CE7BFEA5-B6B1-41B0-82A0-00D712118567}
		{9DBCBED6-E065-4440-BBEC-4D29373C88B3} = {B36454F2-8E25-44F6-AA1E-4A4D35FCFA50}
	EndGlobalSection
	GlobalSection(ExtensibilityGlobals) = postSolution
		SolutionGuid = {5FBBFAAB-3126-4061-92F2-8A1F7BADF4DD}
	EndGlobalSection
EndGlobal
